
Microsoft Visual Studio Solution File, Format Version 12.00
# Visual Studio Version 16
VisualStudioVersion = 16.0.30011.22
MinimumVisualStudioVersion = 10.0.40219.1
Project("{FAE04EC0-301F-11D3-BF4B-00C04F79EFBC}") = "Assignment1", "Assignment1\Assignment1.csproj", "{A336E307-2039-49C5-84F2-F33D1D7825DB}"
EndProject
Project("{FAE04EC0-301F-11D3-BF4B-00C04F79EFBC}") = "Assignment2", "Assignment2\Assignment2.csproj", "{712C1AA0-4666-4A49-845C-E91F6CD3E2D1}"
EndProject
Global
	GlobalSection(SolutionConfigurationPlatforms) = preSolution
		Debug|Any CPU = Debug|Any CPU
		Release|Any CPU = Release|Any CPU
	EndGlobalSection
	GlobalSection(ProjectConfigurationPlatforms) = postSolution
		{A336E307-2039-49C5-84F2-F33D1D7825DB}.Debug|Any CPU.ActiveCfg = Debug|Any CPU
		{A336E307-2039-49C5-84F2-F33D1D7825DB}.Debug|Any CPU.Build.0 = Debug|Any CPU
		{A336E307-2039-49C5-84F2-F33D1D7825DB}.Release|Any CPU.ActiveCfg = Release|Any CPU
		{A336E307-2039-49C5-84F2-F33D1D7825DB}.Release|Any CPU.Build.0 = Release|Any CPU
		{712C1AA0-4666-4A49-845C-E91F6CD3E2D1}.Debug|Any CPU.ActiveCfg = Debug|Any CPU
		{712C1AA0-4666-4A49-845C-E91F6CD3E2D1}.Debug|Any CPU.Build.0 = Debug|Any CPU
		{712C1AA0-4666-4A49-845C-E91F6CD3E2D1}.Release|Any CPU.ActiveCfg = Release|Any CPU
		{712C1AA0-4666-4A49-845C-E91F6CD3E2D1}.Release|Any CPU.Build.0 = Release|Any CPU
	EndGlobalSection
	GlobalSection(SolutionProperties) = preSolution
		HideSolutionNode = FALSE
	EndGlobalSection
	GlobalSection(ExtensibilityGlobals) = postSolution
		SolutionGuid = {C29DB3DE-3D7D-4DB9-9029-CF840488B02C}
	EndGlobalSection
EndGlobal
