
Microsoft Visual Studio Solution File, Format Version 12.00
# Visual Studio Version 16
VisualStudioVersion = 16.0.30104.148
MinimumVisualStudioVersion = 10.0.40219.1
Project("{FAE04EC0-301F-11D3-BF4B-00C04F79EFBC}") = "Assignment1", "Assignment1\Assignment1.csproj", "{75B724DE-F848-4A99-B68E-BE857605AC21}"
EndProject
Project("{FAE04EC0-301F-11D3-BF4B-00C04F79EFBC}") = "Assignment2", "Assignment2\Assignment2.csproj", "{33C01DA8-A01B-433A-8FD2-0540484CBADB}"
EndProject
Global
	GlobalSection(SolutionConfigurationPlatforms) = preSolution
		Debug|Any CPU = Debug|Any CPU
		Release|Any CPU = Release|Any CPU
	EndGlobalSection
	GlobalSection(ProjectConfigurationPlatforms) = postSolution
		{75B724DE-F848-4A99-B68E-BE857605AC21}.Debug|Any CPU.ActiveCfg = Debug|Any CPU
		{75B724DE-F848-4A99-B68E-BE857605AC21}.Debug|Any CPU.Build.0 = Debug|Any CPU
		{75B724DE-F848-4A99-B68E-BE857605AC21}.Release|Any CPU.ActiveCfg = Release|Any CPU
		{75B724DE-F848-4A99-B68E-BE857605AC21}.Release|Any CPU.Build.0 = Release|Any CPU
		{33C01DA8-A01B-433A-8FD2-0540484CBADB}.Debug|Any CPU.ActiveCfg = Debug|Any CPU
		{33C01DA8-A01B-433A-8FD2-0540484CBADB}.Debug|Any CPU.Build.0 = Debug|Any CPU
		{33C01DA8-A01B-433A-8FD2-0540484CBADB}.Release|Any CPU.ActiveCfg = Release|Any CPU
		{33C01DA8-A01B-433A-8FD2-0540484CBADB}.Release|Any CPU.Build.0 = Release|Any CPU
	EndGlobalSection
	GlobalSection(SolutionProperties) = preSolution
		HideSolutionNode = FALSE
	EndGlobalSection
	GlobalSection(ExtensibilityGlobals) = postSolution
		SolutionGuid = {BCF296CF-FDFA-4904-9972-519C0ECA04E3}
	EndGlobalSection
EndGlobal
