
Microsoft Visual Studio Solution File, Format Version 12.00
# Visual Studio Version 16
VisualStudioVersion = 16.0.29920.165
MinimumVisualStudioVersion = 10.0.40219.1
Project("{FAE04EC0-301F-11D3-BF4B-00C04F79EFBC}") = "Assignment1", "Assignment1\Assignment1.csproj", "{3DC44CFF-C1A0-49CC-9121-8C9766FE128E}"
EndProject
Project("{FAE04EC0-301F-11D3-BF4B-00C04F79EFBC}") = "Assignment2", "Assignment2\Assignment2.csproj", "{01CA9B56-F852-4E86-B3DF-C5F3B43CA52E}"
EndProject
Project("{FAE04EC0-301F-11D3-BF4B-00C04F79EFBC}") = "Assignment3", "Assignment3\Assignment3.csproj", "{094B0E8C-A8C3-45BB-9EEE-63E4478ACA46}"
EndProject
Global
	GlobalSection(SolutionConfigurationPlatforms) = preSolution
		Debug|Any CPU = Debug|Any CPU
		Release|Any CPU = Release|Any CPU
	EndGlobalSection
	GlobalSection(ProjectConfigurationPlatforms) = postSolution
		{3DC44CFF-C1A0-49CC-9121-8C9766FE128E}.Debug|Any CPU.ActiveCfg = Debug|Any CPU
		{3DC44CFF-C1A0-49CC-9121-8C9766FE128E}.Debug|Any CPU.Build.0 = Debug|Any CPU
		{3DC44CFF-C1A0-49CC-9121-8C9766FE128E}.Release|Any CPU.ActiveCfg = Release|Any CPU
		{3DC44CFF-C1A0-49CC-9121-8C9766FE128E}.Release|Any CPU.Build.0 = Release|Any CPU
		{01CA9B56-F852-4E86-B3DF-C5F3B43CA52E}.Debug|Any CPU.ActiveCfg = Debug|Any CPU
		{01CA9B56-F852-4E86-B3DF-C5F3B43CA52E}.Debug|Any CPU.Build.0 = Debug|Any CPU
		{01CA9B56-F852-4E86-B3DF-C5F3B43CA52E}.Release|Any CPU.ActiveCfg = Release|Any CPU
		{01CA9B56-F852-4E86-B3DF-C5F3B43CA52E}.Release|Any CPU.Build.0 = Release|Any CPU
		{094B0E8C-A8C3-45BB-9EEE-63E4478ACA46}.Debug|Any CPU.ActiveCfg = Debug|Any CPU
		{094B0E8C-A8C3-45BB-9EEE-63E4478ACA46}.Debug|Any CPU.Build.0 = Debug|Any CPU
		{094B0E8C-A8C3-45BB-9EEE-63E4478ACA46}.Release|Any CPU.ActiveCfg = Release|Any CPU
		{094B0E8C-A8C3-45BB-9EEE-63E4478ACA46}.Release|Any CPU.Build.0 = Release|Any CPU
	EndGlobalSection
	GlobalSection(SolutionProperties) = preSolution
		HideSolutionNode = FALSE
	EndGlobalSection
	GlobalSection(ExtensibilityGlobals) = postSolution
		SolutionGuid = {DB94D4A1-1B9F-421E-BE23-2CB5A8AF933B}
	EndGlobalSection
EndGlobal
