
Microsoft Visual Studio Solution File, Format Version 12.00
# Visual Studio Version 16
VisualStudioVersion = 16.0.30002.166
MinimumVisualStudioVersion = 10.0.40219.1
Project("{FAE04EC0-301F-11D3-BF4B-00C04F79EFBC}") = "Assignment1", "Assignment1\Assignment1.csproj", "{B356E1F5-1B26-4811-BC9B-48DFD152CACF}"
EndProject
Project("{FAE04EC0-301F-11D3-BF4B-00C04F79EFBC}") = "ConwayGameOfLife-student", "ConwayGameOfLife-student\ConwayGameOfLife-student.csproj", "{B173BA7E-1DC2-4B08-B4C6-168A2C05C6B0}"
EndProject
Project("{FAE04EC0-301F-11D3-BF4B-00C04F79EFBC}") = "Assignment3", "Assignment3\Assignment3.csproj", "{5D933156-0EE1-4522-A493-B44DBFD0766B}"
EndProject
Global
	GlobalSection(SolutionConfigurationPlatforms) = preSolution
		Debug|Any CPU = Debug|Any CPU
		Release|Any CPU = Release|Any CPU
	EndGlobalSection
	GlobalSection(ProjectConfigurationPlatforms) = postSolution
		{B356E1F5-1B26-4811-BC9B-48DFD152CACF}.Debug|Any CPU.ActiveCfg = Debug|Any CPU
		{B356E1F5-1B26-4811-BC9B-48DFD152CACF}.Debug|Any CPU.Build.0 = Debug|Any CPU
		{B356E1F5-1B26-4811-BC9B-48DFD152CACF}.Release|Any CPU.ActiveCfg = Release|Any CPU
		{B356E1F5-1B26-4811-BC9B-48DFD152CACF}.Release|Any CPU.Build.0 = Release|Any CPU
		{B173BA7E-1DC2-4B08-B4C6-168A2C05C6B0}.Debug|Any CPU.ActiveCfg = Debug|Any CPU
		{B173BA7E-1DC2-4B08-B4C6-168A2C05C6B0}.Debug|Any CPU.Build.0 = Debug|Any CPU
		{B173BA7E-1DC2-4B08-B4C6-168A2C05C6B0}.Release|Any CPU.ActiveCfg = Release|Any CPU
		{B173BA7E-1DC2-4B08-B4C6-168A2C05C6B0}.Release|Any CPU.Build.0 = Release|Any CPU
		{5D933156-0EE1-4522-A493-B44DBFD0766B}.Debug|Any CPU.ActiveCfg = Debug|Any CPU
		{5D933156-0EE1-4522-A493-B44DBFD0766B}.Debug|Any CPU.Build.0 = Debug|Any CPU
		{5D933156-0EE1-4522-A493-B44DBFD0766B}.Release|Any CPU.ActiveCfg = Release|Any CPU
		{5D933156-0EE1-4522-A493-B44DBFD0766B}.Release|Any CPU.Build.0 = Release|Any CPU
	EndGlobalSection
	GlobalSection(SolutionProperties) = preSolution
		HideSolutionNode = FALSE
	EndGlobalSection
	GlobalSection(ExtensibilityGlobals) = postSolution
		SolutionGuid = {BA8C8824-A9DB-427C-A7D8-728163FE1AEC}
	EndGlobalSection
EndGlobal
