
Microsoft Visual Studio Solution File, Format Version 12.00
# Visual Studio Version 16
VisualStudioVersion = 16.0.30002.166
MinimumVisualStudioVersion = 10.0.40219.1
Project("{FAE04EC0-301F-11D3-BF4B-00C04F79EFBC}") = "Assignment1", "Assignment1\Assignment1.csproj", "{DB51461C-64C5-4982-ABCD-EC1AC61AB36D}"
EndProject
Global
	GlobalSection(SolutionConfigurationPlatforms) = preSolution
		Debug|Any CPU = Debug|Any CPU
		Release|Any CPU = Release|Any CPU
	EndGlobalSection
	GlobalSection(ProjectConfigurationPlatforms) = postSolution
		{DB51461C-64C5-4982-ABCD-EC1AC61AB36D}.Debug|Any CPU.ActiveCfg = Debug|Any CPU
		{DB51461C-64C5-4982-ABCD-EC1AC61AB36D}.Debug|Any CPU.Build.0 = Debug|Any CPU
		{DB51461C-64C5-4982-ABCD-EC1AC61AB36D}.Release|Any CPU.ActiveCfg = Release|Any CPU
		{DB51461C-64C5-4982-ABCD-EC1AC61AB36D}.Release|Any CPU.Build.0 = Release|Any CPU
	EndGlobalSection
	GlobalSection(SolutionProperties) = preSolution
		HideSolutionNode = FALSE
	EndGlobalSection
	GlobalSection(ExtensibilityGlobals) = postSolution
		SolutionGuid = {FF1B938C-453E-456A-A93F-362B0E5FCCD2}
	EndGlobalSection
EndGlobal
