
Microsoft Visual Studio Solution File, Format Version 12.00
# Visual Studio Version 16
VisualStudioVersion = 16.0.29926.136
MinimumVisualStudioVersion = 10.0.40219.1
Project("{FAE04EC0-301F-11D3-BF4B-00C04F79EFBC}") = "MyTools", "MyTools\MyTools.csproj", "{3EC40F52-16F3-4EDA-BD6F-BD4931AA982A}"
EndProject
Global
	GlobalSection(SolutionConfigurationPlatforms) = preSolution
		Debug|Any CPU = Debug|Any CPU
		Release|Any CPU = Release|Any CPU
	EndGlobalSection
	GlobalSection(ProjectConfigurationPlatforms) = postSolution
		{3EC40F52-16F3-4EDA-BD6F-BD4931AA982A}.Debug|Any CPU.ActiveCfg = Debug|Any CPU
		{3EC40F52-16F3-4EDA-BD6F-BD4931AA982A}.Debug|Any CPU.Build.0 = Debug|Any CPU
		{3EC40F52-16F3-4EDA-BD6F-BD4931AA982A}.Release|Any CPU.ActiveCfg = Release|Any CPU
		{3EC40F52-16F3-4EDA-BD6F-BD4931AA982A}.Release|Any CPU.Build.0 = Release|Any CPU
	EndGlobalSection
	GlobalSection(SolutionProperties) = preSolution
		HideSolutionNode = FALSE
	EndGlobalSection
	GlobalSection(ExtensibilityGlobals) = postSolution
		SolutionGuid = {6B169977-622F-4115-BBDC-A9C583B5F68B}
	EndGlobalSection
EndGlobal
