
Microsoft Visual Studio Solution File, Format Version 12.00
# Visual Studio Version 16
VisualStudioVersion = 16.0.29806.167
MinimumVisualStudioVersion = 10.0.40219.1
Project("{FAE04EC0-301F-11D3-BF4B-00C04F79EFBC}") = "UI", "Assignment1\UI.csproj", "{46CB0F80-3FA1-462A-80B2-39BDA96C44DC}"
EndProject
Project("{FAE04EC0-301F-11D3-BF4B-00C04F79EFBC}") = "Model", "Model\Model.csproj", "{59009CC5-416F-48F0-B37B-1931DB62A00B}"
EndProject
Project("{FAE04EC0-301F-11D3-BF4B-00C04F79EFBC}") = "DAL", "DAL\DAL.csproj", "{129CFAFC-EEB0-4A84-B8E1-E22EF0863131}"
EndProject
Global
	GlobalSection(SolutionConfigurationPlatforms) = preSolution
		Debug|Any CPU = Debug|Any CPU
		Release|Any CPU = Release|Any CPU
	EndGlobalSection
	GlobalSection(ProjectConfigurationPlatforms) = postSolution
		{46CB0F80-3FA1-462A-80B2-39BDA96C44DC}.Debug|Any CPU.ActiveCfg = Debug|Any CPU
		{46CB0F80-3FA1-462A-80B2-39BDA96C44DC}.Debug|Any CPU.Build.0 = Debug|Any CPU
		{46CB0F80-3FA1-462A-80B2-39BDA96C44DC}.Release|Any CPU.ActiveCfg = Release|Any CPU
		{46CB0F80-3FA1-462A-80B2-39BDA96C44DC}.Release|Any CPU.Build.0 = Release|Any CPU
		{59009CC5-416F-48F0-B37B-1931DB62A00B}.Debug|Any CPU.ActiveCfg = Debug|Any CPU
		{59009CC5-416F-48F0-B37B-1931DB62A00B}.Debug|Any CPU.Build.0 = Debug|Any CPU
		{59009CC5-416F-48F0-B37B-1931DB62A00B}.Release|Any CPU.ActiveCfg = Release|Any CPU
		{59009CC5-416F-48F0-B37B-1931DB62A00B}.Release|Any CPU.Build.0 = Release|Any CPU
		{129CFAFC-EEB0-4A84-B8E1-E22EF0863131}.Debug|Any CPU.ActiveCfg = Debug|Any CPU
		{129CFAFC-EEB0-4A84-B8E1-E22EF0863131}.Debug|Any CPU.Build.0 = Debug|Any CPU
		{129CFAFC-EEB0-4A84-B8E1-E22EF0863131}.Release|Any CPU.ActiveCfg = Release|Any CPU
		{129CFAFC-EEB0-4A84-B8E1-E22EF0863131}.Release|Any CPU.Build.0 = Release|Any CPU
	EndGlobalSection
	GlobalSection(SolutionProperties) = preSolution
		HideSolutionNode = FALSE
	EndGlobalSection
	GlobalSection(ExtensibilityGlobals) = postSolution
		SolutionGuid = {5126F360-DC93-4512-8012-EC52FAAC13F7}
	EndGlobalSection
EndGlobal
