
Microsoft Visual Studio Solution File, Format Version 12.00
# Visual Studio Version 16
VisualStudioVersion = 16.0.29409.12
MinimumVisualStudioVersion = 10.0.40219.1
Project("{FAE04EC0-301F-11D3-BF4B-00C04F79EFBC}") = "Assignment1", "Assignment1\Assignment1.csproj", "{8B287E42-5118-4373-B4BA-1587ABC28E5C}"
EndProject
Project("{FAE04EC0-301F-11D3-BF4B-00C04F79EFBC}") = "Assignment2", "Assignment2\Assignment2.csproj", "{7E411382-38C0-4586-B408-055DD7364AD8}"
EndProject
Project("{FAE04EC0-301F-11D3-BF4B-00C04F79EFBC}") = "Assignment3", "Assignment3\Assignment3.csproj", "{97D924AF-CE65-4A18-8B4C-DAEDA10982C3}"
EndProject
Project("{FAE04EC0-301F-11D3-BF4B-00C04F79EFBC}") = "Assignment4", "Assignment4\Assignment4.csproj", "{D2A2C246-E823-43B1-A868-A77B591CEA86}"
EndProject
Project("{FAE04EC0-301F-11D3-BF4B-00C04F79EFBC}") = "Assignment5", "Assignment5\Assignment5.csproj", "{C4D4AFFF-D7E7-4B4E-A5D2-AB77AC81966A}"
EndProject
Global
	GlobalSection(SolutionConfigurationPlatforms) = preSolution
		Debug|Any CPU = Debug|Any CPU
		Release|Any CPU = Release|Any CPU
	EndGlobalSection
	GlobalSection(ProjectConfigurationPlatforms) = postSolution
		{8B287E42-5118-4373-B4BA-1587ABC28E5C}.Debug|Any CPU.ActiveCfg = Debug|Any CPU
		{8B287E42-5118-4373-B4BA-1587ABC28E5C}.Debug|Any CPU.Build.0 = Debug|Any CPU
		{8B287E42-5118-4373-B4BA-1587ABC28E5C}.Release|Any CPU.ActiveCfg = Release|Any CPU
		{8B287E42-5118-4373-B4BA-1587ABC28E5C}.Release|Any CPU.Build.0 = Release|Any CPU
		{7E411382-38C0-4586-B408-055DD7364AD8}.Debug|Any CPU.ActiveCfg = Debug|Any CPU
		{7E411382-38C0-4586-B408-055DD7364AD8}.Debug|Any CPU.Build.0 = Debug|Any CPU
		{7E411382-38C0-4586-B408-055DD7364AD8}.Release|Any CPU.ActiveCfg = Release|Any CPU
		{7E411382-38C0-4586-B408-055DD7364AD8}.Release|Any CPU.Build.0 = Release|Any CPU
		{97D924AF-CE65-4A18-8B4C-DAEDA10982C3}.Debug|Any CPU.ActiveCfg = Debug|Any CPU
		{97D924AF-CE65-4A18-8B4C-DAEDA10982C3}.Debug|Any CPU.Build.0 = Debug|Any CPU
		{97D924AF-CE65-4A18-8B4C-DAEDA10982C3}.Release|Any CPU.ActiveCfg = Release|Any CPU
		{97D924AF-CE65-4A18-8B4C-DAEDA10982C3}.Release|Any CPU.Build.0 = Release|Any CPU
		{D2A2C246-E823-43B1-A868-A77B591CEA86}.Debug|Any CPU.ActiveCfg = Debug|Any CPU
		{D2A2C246-E823-43B1-A868-A77B591CEA86}.Debug|Any CPU.Build.0 = Debug|Any CPU
		{D2A2C246-E823-43B1-A868-A77B591CEA86}.Release|Any CPU.ActiveCfg = Release|Any CPU
		{D2A2C246-E823-43B1-A868-A77B591CEA86}.Release|Any CPU.Build.0 = Release|Any CPU
		{C4D4AFFF-D7E7-4B4E-A5D2-AB77AC81966A}.Debug|Any CPU.ActiveCfg = Debug|Any CPU
		{C4D4AFFF-D7E7-4B4E-A5D2-AB77AC81966A}.Debug|Any CPU.Build.0 = Debug|Any CPU
		{C4D4AFFF-D7E7-4B4E-A5D2-AB77AC81966A}.Release|Any CPU.ActiveCfg = Release|Any CPU
		{C4D4AFFF-D7E7-4B4E-A5D2-AB77AC81966A}.Release|Any CPU.Build.0 = Release|Any CPU
	EndGlobalSection
	GlobalSection(SolutionProperties) = preSolution
		HideSolutionNode = FALSE
	EndGlobalSection
	GlobalSection(ExtensibilityGlobals) = postSolution
		SolutionGuid = {0D266361-359E-474F-92A7-5A7FC0FE484D}
	EndGlobalSection
EndGlobal
